
Microsoft Visual Studio Solution File, Format Version 12.00
# Visual Studio 15
VisualStudioVersion = 15.0.27703.2026
MinimumVisualStudioVersion = 10.0.40219.1
Project("{FAE04EC0-301F-11D3-BF4B-00C04F79EFBC}") = "SfDiagramWithMSAGL", "SfDiagramWithMSAGL\SfDiagramWithMSAGL.csproj", "{2CD4F8CA-4347-4FF0-B596-69D6A7D0D9D5}"
EndProject
Global
	GlobalSection(SolutionConfigurationPlatforms) = preSolution
		Debug|Any CPU = Debug|Any CPU
		Release|Any CPU = Release|Any CPU
		Release-Xml|Any CPU = Release-Xml|Any CPU
	EndGlobalSection
	GlobalSection(ProjectConfigurationPlatforms) = postSolution
		{2CD4F8CA-4347-4FF0-B596-69D6A7D0D9D5}.Debug|Any CPU.ActiveCfg = Debug|Any CPU
		{2CD4F8CA-4347-4FF0-B596-69D6A7D0D9D5}.Debug|Any CPU.Build.0 = Debug|Any CPU
		{2CD4F8CA-4347-4FF0-B596-69D6A7D0D9D5}.Release|Any CPU.ActiveCfg = Release|Any CPU
		{2CD4F8CA-4347-4FF0-B596-69D6A7D0D9D5}.Release|Any CPU.Build.0 = Release|Any CPU
		{2CD4F8CA-4347-4FF0-B596-69D6A7D0D9D5}.Release-Xml|Any CPU.ActiveCfg = Release|Any CPU
		{2CD4F8CA-4347-4FF0-B596-69D6A7D0D9D5}.Release-Xml|Any CPU.Build.0 = Release|Any CPU
	EndGlobalSection
	GlobalSection(SolutionProperties) = preSolution
		HideSolutionNode = FALSE
	EndGlobalSection
	GlobalSection(ExtensibilityGlobals) = postSolution
		SolutionGuid = {28B2C589-7CFF-4F8F-BC95-D77017C0174E}
	EndGlobalSection
EndGlobal
